
Microsoft Visual Studio Solution File, Format Version 12.00
# Visual Studio Version 16
VisualStudioVersion = 16.0.30503.244
MinimumVisualStudioVersion = 10.0.40219.1
Project("{9A19103F-16F7-4668-BE54-9A1E7A4F7556}") = "UserRegistration", "UserRegistration\UserRegistration.csproj", "{380BE080-49C9-4E8E-B9C7-3E83E1646C4A}"
EndProject
Project("{FAE04EC0-301F-11D3-BF4B-00C04F79EFBC}") = "UserRegistrationTest", "UserRegistrationTest\UserRegistrationTest.csproj", "{88BF2F3C-F6DF-4431-BD59-2DAA40469C65}"
EndProject
Global
	GlobalSection(SolutionConfigurationPlatforms) = preSolution
		Debug|Any CPU = Debug|Any CPU
		Release|Any CPU = Release|Any CPU
	EndGlobalSection
	GlobalSection(ProjectConfigurationPlatforms) = postSolution
		{380BE080-49C9-4E8E-B9C7-3E83E1646C4A}.Debug|Any CPU.ActiveCfg = Debug|Any CPU
		{380BE080-49C9-4E8E-B9C7-3E83E1646C4A}.Debug|Any CPU.Build.0 = Debug|Any CPU
		{380BE080-49C9-4E8E-B9C7-3E83E1646C4A}.Release|Any CPU.ActiveCfg = Release|Any CPU
		{380BE080-49C9-4E8E-B9C7-3E83E1646C4A}.Release|Any CPU.Build.0 = Release|Any CPU
		{88BF2F3C-F6DF-4431-BD59-2DAA40469C65}.Debug|Any CPU.ActiveCfg = Debug|Any CPU
		{88BF2F3C-F6DF-4431-BD59-2DAA40469C65}.Debug|Any CPU.Build.0 = Debug|Any CPU
		{88BF2F3C-F6DF-4431-BD59-2DAA40469C65}.Release|Any CPU.ActiveCfg = Release|Any CPU
		{88BF2F3C-F6DF-4431-BD59-2DAA40469C65}.Release|Any CPU.Build.0 = Release|Any CPU
	EndGlobalSection
	GlobalSection(SolutionProperties) = preSolution
		HideSolutionNode = FALSE
	EndGlobalSection
	GlobalSection(ExtensibilityGlobals) = postSolution
		SolutionGuid = {ED76F4C0-3D37-4034-B74B-662106EDA588}
	EndGlobalSection
EndGlobal
